# This file is automatically @generated by Cargo.
# It is not intended for manual editing.
version = 3

[[package]]
name = "case_closure_overrides"
version = "0.1.0"
dependencies = [
 "icu_casemap",
 "icu_collator",
 "icu_collections",
 "icu_locale",
 "icu_normalizer",
 "icu_properties",
 "icu_provider",
 "icu_provider_adapters",
 "icu_provider_baked",
 "zerotrie",
 "zerovec",
]

[[package]]
name = "displaydoc"
version = "0.2.5"
source = "registry+https://github.com/rust-lang/crates.io-index"
checksum = "97369cbbc041bc366949bc74d34658d6cda5621039731c6310521892a3a20ae0"
dependencies = [
 "proc-macro2",
 "quote",
 "syn",
]

[[package]]
name = "icu_casemap"
version = "2.0.0-beta1"
source = "registry+https://github.com/rust-lang/crates.io-index"
checksum = "8559c368cec6aecff3e39c912d6feb19c6de62ae6038b2545d99348053d9dde1"
dependencies = [
 "displaydoc",
 "icu_casemap_data",
 "icu_collections",
 "icu_locale_core",
 "icu_properties",
 "icu_provider",
 "potential_utf",
 "writeable",
 "zerovec",
]

[[package]]
name = "icu_casemap_data"
version = "2.0.0-beta1"
source = "registry+https://github.com/rust-lang/crates.io-index"
checksum = "775e0d5c043b5de41cd3c31e5133b985026b2a5032b80bbabb5c760feae5bf75"
dependencies = [
 "icu_provider_baked",
]

[[package]]
name = "icu_collator"
version = "2.0.0-beta1"
source = "registry+https://github.com/rust-lang/crates.io-index"
checksum = "dcb162a8a5deefffbbc77fe58e3f4133f9056959f584c70cf4b6f9abf13cb34a"
dependencies = [
 "displaydoc",
 "icu_collator_data",
 "icu_collections",
 "icu_locale_core",
 "icu_normalizer",
 "icu_properties",
 "icu_provider",
 "smallvec",
 "utf16_iter",
 "utf8_iter",
 "zerovec",
]

[[package]]
name = "icu_collator_data"
version = "2.0.0-beta1"
source = "registry+https://github.com/rust-lang/crates.io-index"
checksum = "7339bb6c668d7b22d0e330b551f991c4074e852408fdbf3b7da6926d4a22e059"
dependencies = [
 "icu_locale",
 "icu_provider_baked",
]

[[package]]
name = "icu_collections"
version = "2.0.0-beta1"
source = "registry+https://github.com/rust-lang/crates.io-index"
checksum = "547ceba155a760830b848d9ae28183bc6bddf1b714ffc27bee1c7144f07229db"
dependencies = [
 "displaydoc",
 "potential_utf",
 "yoke",
 "zerofrom",
 "zerovec",
]

[[package]]
name = "icu_locale"
version = "2.0.0-beta1"
source = "registry+https://github.com/rust-lang/crates.io-index"
checksum = "f49d3c7f2dae0cd50d8b681a258e761eb714c9924f8222b7042118c0fb410649"
dependencies = [
 "displaydoc",
 "icu_collections",
 "icu_locale_core",
 "icu_locale_data",
 "icu_provider",
 "potential_utf",
 "tinystr",
 "zerovec",
]

[[package]]
name = "icu_locale_core"
version = "2.0.0-beta1"
source = "registry+https://github.com/rust-lang/crates.io-index"
checksum = "e36332a8c93574b07598351bb479425282022341528ff521238fd4a48d143162"
dependencies = [
 "displaydoc",
 "litemap",
 "tinystr",
 "writeable",
 "zerovec",
]

[[package]]
name = "icu_locale_data"
version = "2.0.0-beta1"
source = "registry+https://github.com/rust-lang/crates.io-index"
checksum = "222f29513408cc4572fce10bcadd05505c61ca1e30412416661e2fd464821c80"
dependencies = [
 "icu_provider_baked",
]

[[package]]
name = "icu_normalizer"
version = "2.0.0-beta1"
source = "registry+https://github.com/rust-lang/crates.io-index"
checksum = "df5ae8511ef0d91a4eb3650096471f5d5bdf1f598901fa34ee2a17f1fb52fbdb"
dependencies = [
 "displaydoc",
 "icu_collections",
 "icu_normalizer_data",
 "icu_properties",
 "icu_provider",
 "smallvec",
 "utf16_iter",
 "utf8_iter",
 "write16",
 "zerovec",
]

[[package]]
name = "icu_normalizer_data"
version = "2.0.0-beta1"
source = "registry+https://github.com/rust-lang/crates.io-index"
checksum = "f9951a5e339fcc5dae834c6726b7a6d31b2bdbd44691759fc910c4e6fd9b32c8"
dependencies = [
 "icu_provider_baked",
]

[[package]]
name = "icu_properties"
version = "2.0.0-beta1"
source = "registry+https://github.com/rust-lang/crates.io-index"
checksum = "61faa32dfc2f4e704cb489f7080d0c3a4ffddeef7ab078904243a15f165e7061"
dependencies = [
 "displaydoc",
 "icu_collections",
 "icu_locale_core",
 "icu_properties_data",
 "icu_provider",
 "potential_utf",
 "zerotrie",
 "zerovec",
]

[[package]]
name = "icu_properties_data"
version = "2.0.0-beta1"
source = "registry+https://github.com/rust-lang/crates.io-index"
checksum = "f27490edd019680928347f14cc484b2de9a7a06d45908f3079133fba7bb6690d"
dependencies = [
 "icu_provider_baked",
]

[[package]]
name = "icu_provider"
version = "2.0.0-beta1"
source = "registry+https://github.com/rust-lang/crates.io-index"
checksum = "201d2b3bc0bd9a7ad78a00af62374365dd53ee6916942c645cd9e28778c238a5"
dependencies = [
 "displaydoc",
 "icu_locale_core",
 "icu_provider_macros",
 "stable_deref_trait",
 "tinystr",
 "writeable",
 "yoke",
 "zerofrom",
 "zerovec",
]

[[package]]
name = "icu_provider_adapters"
version = "2.0.0-beta1"
source = "registry+https://github.com/rust-lang/crates.io-index"
checksum = "2814f7356c0c53ed1e5f261f7c58132d1fc23479bfd1127821b9594bec77d467"
dependencies = [
 "icu_locale",
 "icu_provider",
 "tinystr",
 "zerovec",
]

[[package]]
name = "icu_provider_baked"
version = "2.0.0-beta1"
source = "registry+https://github.com/rust-lang/crates.io-index"
checksum = "7c6494d25b75593ad56dcd9bde1040ef7e22e9c70b24c1de8920d9a919118893"
dependencies = [
 "icu_provider",
 "writeable",
 "zerotrie",
]

[[package]]
name = "icu_provider_macros"
version = "2.0.0-beta1"
source = "registry+https://github.com/rust-lang/crates.io-index"
checksum = "ba0c1a4c9cca68c00053013b9ad7dc7d2e69aefed59dd9e38cb63347c28299b0"
dependencies = [
 "proc-macro2",
 "quote",
 "syn",
]

[[package]]
name = "litemap"
version = "0.7.4"
source = "registry+https://github.com/rust-lang/crates.io-index"
checksum = "4ee93343901ab17bd981295f2cf0026d4ad018c7c31ba84549a4ddbb47a45104"

[[package]]
name = "potential_utf"
version = "0.1.0"
source = "registry+https://github.com/rust-lang/crates.io-index"
checksum = "f2a1d6d1132e166768a82805efecd7c326eb8dc70ad4a586da697836b44eb970"
dependencies = [
 "serde",
 "zerovec",
]

[[package]]
name = "proc-macro2"
version = "1.0.93"
source = "registry+https://github.com/rust-lang/crates.io-index"
checksum = "60946a68e5f9d28b0dc1c21bb8a97ee7d018a8b322fa57838ba31cc878e22d99"
dependencies = [
 "unicode-ident",
]

[[package]]
name = "quote"
version = "1.0.38"
source = "registry+https://github.com/rust-lang/crates.io-index"
checksum = "0e4dccaaaf89514f546c693ddc140f729f958c247918a13380cccc6078391acc"
dependencies = [
 "proc-macro2",
]

[[package]]
name = "serde"
version = "1.0.217"
source = "registry+https://github.com/rust-lang/crates.io-index"
checksum = "02fc4265df13d6fa1d00ecff087228cc0a2b5f3c0e87e258d8b94a156e984c70"
dependencies = [
 "serde_derive",
]

[[package]]
name = "serde_derive"
version = "1.0.217"
source = "registry+https://github.com/rust-lang/crates.io-index"
checksum = "5a9bf7cf98d04a2b28aead066b7496853d4779c9cc183c440dbac457641e19a0"
dependencies = [
 "proc-macro2",
 "quote",
 "syn",
]

[[package]]
name = "smallvec"
version = "1.13.2"
source = "registry+https://github.com/rust-lang/crates.io-index"
checksum = "3c5e1a9a646d36c3599cd173a41282daf47c44583ad367b8e6837255952e5c67"

[[package]]
name = "stable_deref_trait"
version = "1.2.0"
source = "registry+https://github.com/rust-lang/crates.io-index"
checksum = "a8f112729512f8e442d81f95a8a7ddf2b7c6b8a1a6f509a95864142b30cab2d3"

[[package]]
name = "syn"
version = "2.0.96"
source = "registry+https://github.com/rust-lang/crates.io-index"
checksum = "d5d0adab1ae378d7f53bdebc67a39f1f151407ef230f0ce2883572f5d8985c80"
dependencies = [
 "proc-macro2",
 "quote",
 "unicode-ident",
]

[[package]]
name = "synstructure"
version = "0.13.1"
source = "registry+https://github.com/rust-lang/crates.io-index"
checksum = "c8af7666ab7b6390ab78131fb5b0fce11d6b7a6951602017c35fa82800708971"
dependencies = [
 "proc-macro2",
 "quote",
 "syn",
]

[[package]]
name = "tinystr"
version = "0.8.0"
source = "registry+https://github.com/rust-lang/crates.io-index"
checksum = "b2b56a820bb70060f096338fcc02edb78cb3f8fb21c5078503f48588cfcaf494"
dependencies = [
 "displaydoc",
 "zerovec",
]

[[package]]
name = "unicode-ident"
version = "1.0.14"
source = "registry+https://github.com/rust-lang/crates.io-index"
checksum = "adb9e6ca4f869e1180728b7950e35922a7fc6397f7b641499e8f3ef06e50dc83"

[[package]]
name = "utf16_iter"
version = "1.0.5"
source = "registry+https://github.com/rust-lang/crates.io-index"
checksum = "c8232dd3cdaed5356e0f716d285e4b40b932ac434100fe9b7e0e8e935b9e6246"

[[package]]
name = "utf8_iter"
version = "1.0.4"
source = "registry+https://github.com/rust-lang/crates.io-index"
checksum = "b6c140620e7ffbb22c2dee59cafe6084a59b5ffc27a8859a5f0d494b5d52b6be"

[[package]]
name = "write16"
version = "1.0.0"
source = "registry+https://github.com/rust-lang/crates.io-index"
checksum = "d1890f4022759daae28ed4fe62859b1236caebfc61ede2f63ed4e695f3f6d936"

[[package]]
name = "writeable"
version = "0.6.0"
source = "registry+https://github.com/rust-lang/crates.io-index"
checksum = "74b3b5b7c6114bf7253093603034e102d479ecc8501deca33b6c1c816418b6d2"

[[package]]
name = "yoke"
version = "0.7.5"
source = "registry+https://github.com/rust-lang/crates.io-index"
checksum = "120e6aef9aa629e3d4f52dc8cc43a015c7724194c97dfaf45180d2daf2b77f40"
dependencies = [
 "serde",
 "stable_deref_trait",
 "yoke-derive",
 "zerofrom",
]

[[package]]
name = "yoke-derive"
version = "0.7.5"
source = "registry+https://github.com/rust-lang/crates.io-index"
checksum = "2380878cad4ac9aac1e2435f3eb4020e8374b5f13c296cb75b4620ff8e229154"
dependencies = [
 "proc-macro2",
 "quote",
 "syn",
 "synstructure",
]

[[package]]
name = "zerofrom"
version = "0.1.5"
source = "registry+https://github.com/rust-lang/crates.io-index"
checksum = "cff3ee08c995dee1859d998dea82f7374f2826091dd9cd47def953cae446cd2e"
dependencies = [
 "zerofrom-derive",
]

[[package]]
name = "zerofrom-derive"
version = "0.1.5"
source = "registry+https://github.com/rust-lang/crates.io-index"
checksum = "595eed982f7d355beb85837f651fa22e90b3c044842dc7f2c2842c086f295808"
dependencies = [
 "proc-macro2",
 "quote",
 "syn",
 "synstructure",
]

[[package]]
name = "zerotrie"
version = "0.2.0"
source = "registry+https://github.com/rust-lang/crates.io-index"
checksum = "fa766b97d68da210d29cc0bc8d072d87de9359cb998e4bc30ab4982a1c795d47"
dependencies = [
 "displaydoc",
 "yoke",
 "zerofrom",
]

[[package]]
name = "zerovec"
version = "0.11.0"
source = "registry+https://github.com/rust-lang/crates.io-index"
checksum = "9b622856b789971a6fe0442b69f3a2d7ac949005c4c8586b2c4ef09cc5182f2b"
dependencies = [
 "yoke",
 "zerofrom",
 "zerovec-derive",
]

[[package]]
name = "zerovec-derive"
version = "0.11.0"
source = "registry+https://github.com/rust-lang/crates.io-index"
checksum = "996c67268f00e216986ac140d8de9f47968c330b96aeefcae9ed296f23934448"
dependencies = [
 "proc-macro2",
 "quote",
 "syn",
]
